
Microsoft Visual Studio Solution File, Format Version 12.00
# Visual Studio Version 16
VisualStudioVersion = 16.0.30330.147
MinimumVisualStudioVersion = 10.0.40219.1
Project("{FAE04EC0-301F-11D3-BF4B-00C04F79EFBC}") = "Portfolio", "Portfolio.csproj", "{3A136531-83D9-4398-B4E2-5D5106B82333}"
EndProject
Project("{FAE04EC0-301F-11D3-BF4B-00C04F79EFBC}") = "RawInput_dll", "..\RawInput\RawInput_dll.csproj", "{7151DA05-6E9C-40BA-82C7-407760B03B80}"
EndProject
Project("{FAE04EC0-301F-11D3-BF4B-00C04F79EFBC}") = "BasicProperties_dll", "..\BasicProperties_dll\BasicProperties_dll.csproj", "{FEDCEB4D-4DFC-4546-AF6C-3ED3EB3728B7}"
EndProject
Project("{FAE04EC0-301F-11D3-BF4B-00C04F79EFBC}") = "CustomControls_dll", "..\CustomControls_dll\CustomControls_dll.csproj", "{C6320FC3-6F95-487F-8F27-0ED27ABE8EE6}"
EndProject
Project("{FAE04EC0-301F-11D3-BF4B-00C04F79EFBC}") = "NeonButtonProject_Dll", "..\NeonButtonProject\NeonButtonProject_Dll.csproj", "{CED45074-4339-4BF3-B509-0039D27EFA64}"
EndProject
Project("{FAE04EC0-301F-11D3-BF4B-00C04F79EFBC}") = "DrawingProject_Dll", "..\DrawingBasic_Dll\DrawingProject_Dll.csproj", "{F0DE3AFC-5405-4A39-977A-C91654993DBA}"
EndProject
Project("{FAE04EC0-301F-11D3-BF4B-00C04F79EFBC}") = "MultiThread_dll", "..\MultiThread_dll\MultiThread_dll.csproj", "{354F02D6-7560-4499-868A-91A147BB63E3}"
EndProject
Global
	GlobalSection(SolutionConfigurationPlatforms) = preSolution
		Debug|Any CPU = Debug|Any CPU
		Debug|x64 = Debug|x64
		Release|Any CPU = Release|Any CPU
		Release|x64 = Release|x64
	EndGlobalSection
	GlobalSection(ProjectConfigurationPlatforms) = postSolution
		{3A136531-83D9-4398-B4E2-5D5106B82333}.Debug|Any CPU.ActiveCfg = Debug|Any CPU
		{3A136531-83D9-4398-B4E2-5D5106B82333}.Debug|Any CPU.Build.0 = Debug|Any CPU
		{3A136531-83D9-4398-B4E2-5D5106B82333}.Debug|x64.ActiveCfg = Debug|x64
		{3A136531-83D9-4398-B4E2-5D5106B82333}.Debug|x64.Build.0 = Debug|x64
		{3A136531-83D9-4398-B4E2-5D5106B82333}.Release|Any CPU.ActiveCfg = Release|Any CPU
		{3A136531-83D9-4398-B4E2-5D5106B82333}.Release|Any CPU.Build.0 = Release|Any CPU
		{3A136531-83D9-4398-B4E2-5D5106B82333}.Release|x64.ActiveCfg = Release|x64
		{3A136531-83D9-4398-B4E2-5D5106B82333}.Release|x64.Build.0 = Release|x64
		{7151DA05-6E9C-40BA-82C7-407760B03B80}.Debug|Any CPU.ActiveCfg = Debug|Any CPU
		{7151DA05-6E9C-40BA-82C7-407760B03B80}.Debug|Any CPU.Build.0 = Debug|Any CPU
		{7151DA05-6E9C-40BA-82C7-407760B03B80}.Debug|x64.ActiveCfg = Debug|x64
		{7151DA05-6E9C-40BA-82C7-407760B03B80}.Debug|x64.Build.0 = Debug|x64
		{7151DA05-6E9C-40BA-82C7-407760B03B80}.Release|Any CPU.ActiveCfg = Release|Any CPU
		{7151DA05-6E9C-40BA-82C7-407760B03B80}.Release|Any CPU.Build.0 = Release|Any CPU
		{7151DA05-6E9C-40BA-82C7-407760B03B80}.Release|x64.ActiveCfg = Release|x64
		{7151DA05-6E9C-40BA-82C7-407760B03B80}.Release|x64.Build.0 = Release|x64
		{FEDCEB4D-4DFC-4546-AF6C-3ED3EB3728B7}.Debug|Any CPU.ActiveCfg = Debug|Any CPU
		{FEDCEB4D-4DFC-4546-AF6C-3ED3EB3728B7}.Debug|Any CPU.Build.0 = Debug|Any CPU
		{FEDCEB4D-4DFC-4546-AF6C-3ED3EB3728B7}.Debug|x64.ActiveCfg = Debug|Any CPU
		{FEDCEB4D-4DFC-4546-AF6C-3ED3EB3728B7}.Debug|x64.Build.0 = Debug|Any CPU
		{FEDCEB4D-4DFC-4546-AF6C-3ED3EB3728B7}.Release|Any CPU.ActiveCfg = Release|Any CPU
		{FEDCEB4D-4DFC-4546-AF6C-3ED3EB3728B7}.Release|Any CPU.Build.0 = Release|Any CPU
		{FEDCEB4D-4DFC-4546-AF6C-3ED3EB3728B7}.Release|x64.ActiveCfg = Release|Any CPU
		{FEDCEB4D-4DFC-4546-AF6C-3ED3EB3728B7}.Release|x64.Build.0 = Release|Any CPU
		{C6320FC3-6F95-487F-8F27-0ED27ABE8EE6}.Debug|Any CPU.ActiveCfg = Debug|Any CPU
		{C6320FC3-6F95-487F-8F27-0ED27ABE8EE6}.Debug|Any CPU.Build.0 = Debug|Any CPU
		{C6320FC3-6F95-487F-8F27-0ED27ABE8EE6}.Debug|x64.ActiveCfg = Debug|Any CPU
		{C6320FC3-6F95-487F-8F27-0ED27ABE8EE6}.Debug|x64.Build.0 = Debug|Any CPU
		{C6320FC3-6F95-487F-8F27-0ED27ABE8EE6}.Release|Any CPU.ActiveCfg = Release|Any CPU
		{C6320FC3-6F95-487F-8F27-0ED27ABE8EE6}.Release|Any CPU.Build.0 = Release|Any CPU
		{C6320FC3-6F95-487F-8F27-0ED27ABE8EE6}.Release|x64.ActiveCfg = Release|Any CPU
		{C6320FC3-6F95-487F-8F27-0ED27ABE8EE6}.Release|x64.Build.0 = Release|Any CPU
		{CED45074-4339-4BF3-B509-0039D27EFA64}.Debug|Any CPU.ActiveCfg = Debug|Any CPU
		{CED45074-4339-4BF3-B509-0039D27EFA64}.Debug|Any CPU.Build.0 = Debug|Any CPU
		{CED45074-4339-4BF3-B509-0039D27EFA64}.Debug|x64.ActiveCfg = Debug|Any CPU
		{CED45074-4339-4BF3-B509-0039D27EFA64}.Debug|x64.Build.0 = Debug|Any CPU
		{CED45074-4339-4BF3-B509-0039D27EFA64}.Release|Any CPU.ActiveCfg = Release|Any CPU
		{CED45074-4339-4BF3-B509-0039D27EFA64}.Release|Any CPU.Build.0 = Release|Any CPU
		{CED45074-4339-4BF3-B509-0039D27EFA64}.Release|x64.ActiveCfg = Release|Any CPU
		{CED45074-4339-4BF3-B509-0039D27EFA64}.Release|x64.Build.0 = Release|Any CPU
		{F0DE3AFC-5405-4A39-977A-C91654993DBA}.Debug|Any CPU.ActiveCfg = Debug|Any CPU
		{F0DE3AFC-5405-4A39-977A-C91654993DBA}.Debug|Any CPU.Build.0 = Debug|Any CPU
		{F0DE3AFC-5405-4A39-977A-C91654993DBA}.Debug|x64.ActiveCfg = Debug|Any CPU
		{F0DE3AFC-5405-4A39-977A-C91654993DBA}.Debug|x64.Build.0 = Debug|Any CPU
		{F0DE3AFC-5405-4A39-977A-C91654993DBA}.Release|Any CPU.ActiveCfg = Release|Any CPU
		{F0DE3AFC-5405-4A39-977A-C91654993DBA}.Release|Any CPU.Build.0 = Release|Any CPU
		{F0DE3AFC-5405-4A39-977A-C91654993DBA}.Release|x64.ActiveCfg = Release|Any CPU
		{F0DE3AFC-5405-4A39-977A-C91654993DBA}.Release|x64.Build.0 = Release|Any CPU
		{354F02D6-7560-4499-868A-91A147BB63E3}.Debug|Any CPU.ActiveCfg = Debug|Any CPU
		{354F02D6-7560-4499-868A-91A147BB63E3}.Debug|Any CPU.Build.0 = Debug|Any CPU
		{354F02D6-7560-4499-868A-91A147BB63E3}.Debug|x64.ActiveCfg = Debug|Any CPU
		{354F02D6-7560-4499-868A-91A147BB63E3}.Debug|x64.Build.0 = Debug|Any CPU
		{354F02D6-7560-4499-868A-91A147BB63E3}.Release|Any CPU.ActiveCfg = Release|Any CPU
		{354F02D6-7560-4499-868A-91A147BB63E3}.Release|Any CPU.Build.0 = Release|Any CPU
		{354F02D6-7560-4499-868A-91A147BB63E3}.Release|x64.ActiveCfg = Release|Any CPU
		{354F02D6-7560-4499-868A-91A147BB63E3}.Release|x64.Build.0 = Release|Any CPU
	EndGlobalSection
	GlobalSection(SolutionProperties) = preSolution
		HideSolutionNode = FALSE
	EndGlobalSection
	GlobalSection(ExtensibilityGlobals) = postSolution
		SolutionGuid = {F4E30FEC-EF8B-42E2-B7E3-EC04DD52350A}
	EndGlobalSection
EndGlobal
